
Microsoft Visual Studio Solution File, Format Version 12.00
# Visual Studio Version 16
VisualStudioVersion = 16.0.30804.86
MinimumVisualStudioVersion = 10.0.40219.1
Project("{FAE04EC0-301F-11D3-BF4B-00C04F79EFBC}") = "WpfApp1", "WpfApp1.csproj", "{452AFDBF-4DE9-4527-AE25-D07120D5C890}"
EndProject
Global
	GlobalSection(SolutionConfigurationPlatforms) = preSolution
		Debug|Any CPU = Debug|Any CPU
		Release|Any CPU = Release|Any CPU
	EndGlobalSection
	GlobalSection(ProjectConfigurationPlatforms) = postSolution
		{452AFDBF-4DE9-4527-AE25-D07120D5C890}.Debug|Any CPU.ActiveCfg = Debug|Any CPU
		{452AFDBF-4DE9-4527-AE25-D07120D5C890}.Debug|Any CPU.Build.0 = Debug|Any CPU
		{452AFDBF-4DE9-4527-AE25-D07120D5C890}.Release|Any CPU.ActiveCfg = Release|Any CPU
		{452AFDBF-4DE9-4527-AE25-D07120D5C890}.Release|Any CPU.Build.0 = Release|Any CPU
	EndGlobalSection
	GlobalSection(SolutionProperties) = preSolution
		HideSolutionNode = FALSE
	EndGlobalSection
	GlobalSection(ExtensibilityGlobals) = postSolution
		SolutionGuid = {866C2F97-A219-4A6A-A83B-890590A91FDB}
	EndGlobalSection
EndGlobal
